
Microsoft Visual Studio Solution File, Format Version 12.00
# Visual Studio Version 16
VisualStudioVersion = 16.0.32602.291
MinimumVisualStudioVersion = 10.0.40219.1
Project("{FAE04EC0-301F-11D3-BF4B-00C04F79EFBC}") = "ObservableDemo01", "ObservableDemo01.csproj", "{A2E24D20-8112-4361-B16A-8B2A8D2FD6F3}"
EndProject
Global
	GlobalSection(SolutionConfigurationPlatforms) = preSolution
		Debug|Any CPU = Debug|Any CPU
		Release|Any CPU = Release|Any CPU
	EndGlobalSection
	GlobalSection(ProjectConfigurationPlatforms) = postSolution
		{A2E24D20-8112-4361-B16A-8B2A8D2FD6F3}.Debug|Any CPU.ActiveCfg = Debug|Any CPU
		{A2E24D20-8112-4361-B16A-8B2A8D2FD6F3}.Debug|Any CPU.Build.0 = Debug|Any CPU
		{A2E24D20-8112-4361-B16A-8B2A8D2FD6F3}.Release|Any CPU.ActiveCfg = Release|Any CPU
		{A2E24D20-8112-4361-B16A-8B2A8D2FD6F3}.Release|Any CPU.Build.0 = Release|Any CPU
	EndGlobalSection
	GlobalSection(SolutionProperties) = preSolution
		HideSolutionNode = FALSE
	EndGlobalSection
	GlobalSection(ExtensibilityGlobals) = postSolution
		SolutionGuid = {7FB6915C-4AD4-4006-BCFC-C56E85241E7D}
	EndGlobalSection
EndGlobal
